// !$*UTF8*$!
{
	archiveVersion = 1;
	classes = {
	};
	objectVersion = 51;
	objects = {

/* Begin PBXBuildFile section */
		1F02C12C2443953800E4DC14 /* gymAppLogo.png in Resources */ = {isa = PBXBuildFile; fileRef = 1F02C12B2443953800E4DC14 /* gymAppLogo.png */; };
		1F02C12E2447E18D00E4DC14 /* NotesViewController.swift in Sources */ = {isa = PBXBuildFile; fileRef = 1F02C12D2447E18D00E4DC14 /* NotesViewController.swift */; };
		1F0727722436C10B001607D3 /* WorkoutSessionModel.swift in Sources */ = {isa = PBXBuildFile; fileRef = 1F0727712436C10B001607D3 /* WorkoutSessionModel.swift */; };
		1F0727742437E2AE001607D3 /* CalendarController.swift in Sources */ = {isa = PBXBuildFile; fileRef = 1F0727732437E2AE001607D3 /* CalendarController.swift */; };
		1F072778243B66CD001607D3 /* HomeTableViewCell.swift in Sources */ = {isa = PBXBuildFile; fileRef = 1F072776243B66CD001607D3 /* HomeTableViewCell.swift */; };
		1F072779243B66CD001607D3 /* HomeTableViewCell.xib in Resources */ = {isa = PBXBuildFile; fileRef = 1F072777243B66CD001607D3 /* HomeTableViewCell.xib */; };
		1F07277B243BAA5D001607D3 /* HelperFunctions.swift in Sources */ = {isa = PBXBuildFile; fileRef = 1F07277A243BAA5D001607D3 /* HelperFunctions.swift */; };
		1F07277D243CA9BA001607D3 /* GoalProgressModel.swift in Sources */ = {isa = PBXBuildFile; fileRef = 1F07277C243CA9BA001607D3 /* GoalProgressModel.swift */; };
		1F10FEA524267C9E0089F5C3 /* ExerciseHeaderCell.swift in Sources */ = {isa = PBXBuildFile; fileRef = 1F10FEA324267C9E0089F5C3 /* ExerciseHeaderCell.swift */; };
		1F10FEA624267C9E0089F5C3 /* ExerciseHeaderCell.xib in Resources */ = {isa = PBXBuildFile; fileRef = 1F10FEA424267C9E0089F5C3 /* ExerciseHeaderCell.xib */; };
		1F4B386F2447E67A00621503 /* NotesPopover.storyboard in Resources */ = {isa = PBXBuildFile; fileRef = 1F4B386E2447E67A00621503 /* NotesPopover.storyboard */; };
		1F4B38712447F5C700621503 /* EditWeight.storyboard in Resources */ = {isa = PBXBuildFile; fileRef = 1F4B38702447F5C700621503 /* EditWeight.storyboard */; };
		1F4B38732447F5E800621503 /* EditWeightViewController.swift in Sources */ = {isa = PBXBuildFile; fileRef = 1F4B38722447F5E800621503 /* EditWeightViewController.swift */; };
		1FA9B5D72423B2D500182CBE /* testJSON.json in Resources */ = {isa = PBXBuildFile; fileRef = 1FA9B5D62423B2D500182CBE /* testJSON.json */; };
		1FAB97682434E43F000F6399 /* WorkoutTableHeaderCell.swift in Sources */ = {isa = PBXBuildFile; fileRef = 1FAB97662434E43F000F6399 /* WorkoutTableHeaderCell.swift */; };
		1FAB97692434E43F000F6399 /* WorkoutTableHeaderCell.xib in Resources */ = {isa = PBXBuildFile; fileRef = 1FAB97672434E43F000F6399 /* WorkoutTableHeaderCell.xib */; };
		1FAB976C2434E45C000F6399 /* WorkoutTableInfoCell.swift in Sources */ = {isa = PBXBuildFile; fileRef = 1FAB976A2434E45C000F6399 /* WorkoutTableInfoCell.swift */; };
		1FAB976D2434E45C000F6399 /* WorkoutTableInfoCell.xib in Resources */ = {isa = PBXBuildFile; fileRef = 1FAB976B2434E45C000F6399 /* WorkoutTableInfoCell.xib */; };
		1FB8647E2426A93500E6DD60 /* BelowExerciseHeaderCell.swift in Sources */ = {isa = PBXBuildFile; fileRef = 1FB8647C2426A93500E6DD60 /* BelowExerciseHeaderCell.swift */; };
		1FB8647F2426A93500E6DD60 /* BelowExerciseHeaderCell.xib in Resources */ = {isa = PBXBuildFile; fileRef = 1FB8647D2426A93500E6DD60 /* BelowExerciseHeaderCell.xib */; };
		636614689020312480C3E841 /* Pods_gym_app.framework in Frameworks */ = {isa = PBXBuildFile; fileRef = DF00BF6B3221EA5BCF233A5F /* Pods_gym_app.framework */; };
		9020E58D241A6EBF00503674 /* AddGoalController.swift in Sources */ = {isa = PBXBuildFile; fileRef = 9020E58C241A6EBF00503674 /* AddGoalController.swift */; };
		9039C78C241173BB00A739F8 /* Home.storyboard in Resources */ = {isa = PBXBuildFile; fileRef = 9039C78B241173BB00A739F8 /* Home.storyboard */; };
		9039C78E241173CB00A739F8 /* Workouts.storyboard in Resources */ = {isa = PBXBuildFile; fileRef = 9039C78D241173CB00A739F8 /* Workouts.storyboard */; };
		9039C790241173DA00A739F8 /* Progress.storyboard in Resources */ = {isa = PBXBuildFile; fileRef = 9039C78F241173DA00A739F8 /* Progress.storyboard */; };
		9039C792241173E500A739F8 /* Community.storyboard in Resources */ = {isa = PBXBuildFile; fileRef = 9039C791241173E500A739F8 /* Community.storyboard */; };
		90620C312411871100A98138 /* HomeController.swift in Sources */ = {isa = PBXBuildFile; fileRef = 90620C302411871100A98138 /* HomeController.swift */; };
		90620C332411880100A98138 /* WorkoutController.swift in Sources */ = {isa = PBXBuildFile; fileRef = 90620C322411880100A98138 /* WorkoutController.swift */; };
		90620C352411885F00A98138 /* ProgressController.swift in Sources */ = {isa = PBXBuildFile; fileRef = 90620C342411885F00A98138 /* ProgressController.swift */; };
		90620C37241188AF00A98138 /* CommunityController.swift in Sources */ = {isa = PBXBuildFile; fileRef = 90620C36241188AF00A98138 /* CommunityController.swift */; };
		90620C39241189B900A98138 /* AddWorkoutController.swift in Sources */ = {isa = PBXBuildFile; fileRef = 90620C38241189B900A98138 /* AddWorkoutController.swift */; };
		9068C9C3242285C40070346D /* AddExInfoTableCell.swift in Sources */ = {isa = PBXBuildFile; fileRef = 9068C9C1242285C40070346D /* AddExInfoTableCell.swift */; };
		9068C9C4242285C40070346D /* AddExInfoTableCell.xib in Resources */ = {isa = PBXBuildFile; fileRef = 9068C9C2242285C40070346D /* AddExInfoTableCell.xib */; };
		907F92BD24196C20001D5C48 /* Settings.storyboard in Resources */ = {isa = PBXBuildFile; fileRef = 907F92BC24196C20001D5C48 /* Settings.storyboard */; };
		907F92BF24196C4A001D5C48 /* SettingsController.swift in Sources */ = {isa = PBXBuildFile; fileRef = 907F92BE24196C4A001D5C48 /* SettingsController.swift */; };
		907FF2262412D1B800D943B4 /* ExercisesController.swift in Sources */ = {isa = PBXBuildFile; fileRef = 907FF2252412D1B800D943B4 /* ExercisesController.swift */; };
		908169AC241FBD7D00FF81CE /* ExercisesTableCell.swift in Sources */ = {isa = PBXBuildFile; fileRef = 908169AA241FBD7D00FF81CE /* ExercisesTableCell.swift */; };
		908169AD241FBD7D00FF81CE /* ExercisesTableCell.xib in Resources */ = {isa = PBXBuildFile; fileRef = 908169AB241FBD7D00FF81CE /* ExercisesTableCell.xib */; };
		908169B0241FD40000FF81CE /* RoutinesTableCell.swift in Sources */ = {isa = PBXBuildFile; fileRef = 908169AE241FD40000FF81CE /* RoutinesTableCell.swift */; };
		908169B1241FD40000FF81CE /* RoutinesTableCell.xib in Resources */ = {isa = PBXBuildFile; fileRef = 908169AF241FD40000FF81CE /* RoutinesTableCell.xib */; };
		908169B3241FD82D00FF81CE /* Routines.storyboard in Resources */ = {isa = PBXBuildFile; fileRef = 908169B2241FD82D00FF81CE /* Routines.storyboard */; };
		908169B7241FD9DB00FF81CE /* RoutinesController.swift in Sources */ = {isa = PBXBuildFile; fileRef = 908169B6241FD9DB00FF81CE /* RoutinesController.swift */; };
		908169B9241FDC2500FF81CE /* AddRoutineController.swift in Sources */ = {isa = PBXBuildFile; fileRef = 908169B8241FDC2500FF81CE /* AddRoutineController.swift */; };
		90E1D20C240D3B0300F229F1 /* AppDelegate.swift in Sources */ = {isa = PBXBuildFile; fileRef = 90E1D20B240D3B0300F229F1 /* AppDelegate.swift */; };
		90E1D20E240D3B0300F229F1 /* SceneDelegate.swift in Sources */ = {isa = PBXBuildFile; fileRef = 90E1D20D240D3B0300F229F1 /* SceneDelegate.swift */; };
		90E1D210240D3B0300F229F1 /* ViewController.swift in Sources */ = {isa = PBXBuildFile; fileRef = 90E1D20F240D3B0300F229F1 /* ViewController.swift */; };
		90E1D213240D3B0300F229F1 /* Main.storyboard in Resources */ = {isa = PBXBuildFile; fileRef = 90E1D211240D3B0300F229F1 /* Main.storyboard */; };
		90E1D216240D3B0300F229F1 /* gym_app.xcdatamodeld in Sources */ = {isa = PBXBuildFile; fileRef = 90E1D214240D3B0300F229F1 /* gym_app.xcdatamodeld */; };
		90E1D218240D3B0400F229F1 /* Assets.xcassets in Resources */ = {isa = PBXBuildFile; fileRef = 90E1D217240D3B0400F229F1 /* Assets.xcassets */; };
		90E1D21B240D3B0400F229F1 /* LaunchScreen.storyboard in Resources */ = {isa = PBXBuildFile; fileRef = 90E1D219240D3B0400F229F1 /* LaunchScreen.storyboard */; };
/* End PBXBuildFile section */

/* Begin PBXFileReference section */
		14C67B0FCB032E7283653924 /* Pods-gym-app.release.xcconfig */ = {isa = PBXFileReference; includeInIndex = 1; lastKnownFileType = text.xcconfig; name = "Pods-gym-app.release.xcconfig"; path = "Target Support Files/Pods-gym-app/Pods-gym-app.release.xcconfig"; sourceTree = "<group>"; };
		1F02C12B2443953800E4DC14 /* gymAppLogo.png */ = {isa = PBXFileReference; lastKnownFileType = image.png; name = gymAppLogo.png; path = "../../../Dropbox/Uni Work/Year 3/Comp39X/3. Software Demo/gymAppLogo.png"; sourceTree = "<group>"; };
		1F02C12D2447E18D00E4DC14 /* NotesViewController.swift */ = {isa = PBXFileReference; lastKnownFileType = sourcecode.swift; path = NotesViewController.swift; sourceTree = "<group>"; };
		1F0727712436C10B001607D3 /* WorkoutSessionModel.swift */ = {isa = PBXFileReference; lastKnownFileType = sourcecode.swift; path = WorkoutSessionModel.swift; sourceTree = "<group>"; };
		1F0727732437E2AE001607D3 /* CalendarController.swift */ = {isa = PBXFileReference; lastKnownFileType = sourcecode.swift; path = CalendarController.swift; sourceTree = "<group>"; };
		1F072776243B66CD001607D3 /* HomeTableViewCell.swift */ = {isa = PBXFileReference; lastKnownFileType = sourcecode.swift; path = HomeTableViewCell.swift; sourceTree = "<group>"; };
		1F072777243B66CD001607D3 /* HomeTableViewCell.xib */ = {isa = PBXFileReference; lastKnownFileType = file.xib; path = HomeTableViewCell.xib; sourceTree = "<group>"; };
		1F07277A243BAA5D001607D3 /* HelperFunctions.swift */ = {isa = PBXFileReference; lastKnownFileType = sourcecode.swift; path = HelperFunctions.swift; sourceTree = "<group>"; };
		1F07277C243CA9BA001607D3 /* GoalProgressModel.swift */ = {isa = PBXFileReference; lastKnownFileType = sourcecode.swift; path = GoalProgressModel.swift; sourceTree = "<group>"; };
		1F10FEA324267C9E0089F5C3 /* ExerciseHeaderCell.swift */ = {isa = PBXFileReference; lastKnownFileType = sourcecode.swift; path = ExerciseHeaderCell.swift; sourceTree = "<group>"; };
		1F10FEA424267C9E0089F5C3 /* ExerciseHeaderCell.xib */ = {isa = PBXFileReference; lastKnownFileType = file.xib; path = ExerciseHeaderCell.xib; sourceTree = "<group>"; };
		1F4B386E2447E67A00621503 /* NotesPopover.storyboard */ = {isa = PBXFileReference; lastKnownFileType = file.storyboard; path = NotesPopover.storyboard; sourceTree = "<group>"; };
		1F4B38702447F5C700621503 /* EditWeight.storyboard */ = {isa = PBXFileReference; lastKnownFileType = file.storyboard; path = EditWeight.storyboard; sourceTree = "<group>"; };
		1F4B38722447F5E800621503 /* EditWeightViewController.swift */ = {isa = PBXFileReference; lastKnownFileType = sourcecode.swift; path = EditWeightViewController.swift; sourceTree = "<group>"; };
		1FA9B5D62423B2D500182CBE /* testJSON.json */ = {isa = PBXFileReference; fileEncoding = 4; lastKnownFileType = text.json; name = testJSON.json; path = "../../../Dropbox/Uni Work/Year 3/Comp39X/3. Software Demo/testJSON.json"; sourceTree = "<group>"; };
		1FAB97662434E43F000F6399 /* WorkoutTableHeaderCell.swift */ = {isa = PBXFileReference; lastKnownFileType = sourcecode.swift; path = WorkoutTableHeaderCell.swift; sourceTree = "<group>"; };
		1FAB97672434E43F000F6399 /* WorkoutTableHeaderCell.xib */ = {isa = PBXFileReference; lastKnownFileType = file.xib; path = WorkoutTableHeaderCell.xib; sourceTree = "<group>"; };
		1FAB976A2434E45C000F6399 /* WorkoutTableInfoCell.swift */ = {isa = PBXFileReference; lastKnownFileType = sourcecode.swift; path = WorkoutTableInfoCell.swift; sourceTree = "<group>"; };
		1FAB976B2434E45C000F6399 /* WorkoutTableInfoCell.xib */ = {isa = PBXFileReference; lastKnownFileType = file.xib; path = WorkoutTableInfoCell.xib; sourceTree = "<group>"; };
		1FB8647C2426A93500E6DD60 /* BelowExerciseHeaderCell.swift */ = {isa = PBXFileReference; lastKnownFileType = sourcecode.swift; path = BelowExerciseHeaderCell.swift; sourceTree = "<group>"; };
		1FB8647D2426A93500E6DD60 /* BelowExerciseHeaderCell.xib */ = {isa = PBXFileReference; lastKnownFileType = file.xib; path = BelowExerciseHeaderCell.xib; sourceTree = "<group>"; };
		9020E58C241A6EBF00503674 /* AddGoalController.swift */ = {isa = PBXFileReference; lastKnownFileType = sourcecode.swift; path = AddGoalController.swift; sourceTree = "<group>"; };
		9039C78B241173BB00A739F8 /* Home.storyboard */ = {isa = PBXFileReference; lastKnownFileType = file.storyboard; path = Home.storyboard; sourceTree = "<group>"; };
		9039C78D241173CB00A739F8 /* Workouts.storyboard */ = {isa = PBXFileReference; lastKnownFileType = file.storyboard; path = Workouts.storyboard; sourceTree = "<group>"; };
		9039C78F241173DA00A739F8 /* Progress.storyboard */ = {isa = PBXFileReference; lastKnownFileType = file.storyboard; path = Progress.storyboard; sourceTree = "<group>"; };
		9039C791241173E500A739F8 /* Community.storyboard */ = {isa = PBXFileReference; lastKnownFileType = file.storyboard; path = Community.storyboard; sourceTree = "<group>"; };
		90620C302411871100A98138 /* HomeController.swift */ = {isa = PBXFileReference; lastKnownFileType = sourcecode.swift; path = HomeController.swift; sourceTree = "<group>"; };
		90620C322411880100A98138 /* WorkoutController.swift */ = {isa = PBXFileReference; lastKnownFileType = sourcecode.swift; path = WorkoutController.swift; sourceTree = "<group>"; };
		90620C342411885F00A98138 /* ProgressController.swift */ = {isa = PBXFileReference; lastKnownFileType = sourcecode.swift; path = ProgressController.swift; sourceTree = "<group>"; };
		90620C36241188AF00A98138 /* CommunityController.swift */ = {isa = PBXFileReference; lastKnownFileType = sourcecode.swift; path = CommunityController.swift; sourceTree = "<group>"; };
		90620C38241189B900A98138 /* AddWorkoutController.swift */ = {isa = PBXFileReference; lastKnownFileType = sourcecode.swift; path = AddWorkoutController.swift; sourceTree = "<group>"; };
		9068C9C1242285C40070346D /* AddExInfoTableCell.swift */ = {isa = PBXFileReference; lastKnownFileType = sourcecode.swift; path = AddExInfoTableCell.swift; sourceTree = "<group>"; };
		9068C9C2242285C40070346D /* AddExInfoTableCell.xib */ = {isa = PBXFileReference; lastKnownFileType = file.xib; path = AddExInfoTableCell.xib; sourceTree = "<group>"; };
		907F92BC24196C20001D5C48 /* Settings.storyboard */ = {isa = PBXFileReference; lastKnownFileType = file.storyboard; path = Settings.storyboard; sourceTree = "<group>"; };
		907F92BE24196C4A001D5C48 /* SettingsController.swift */ = {isa = PBXFileReference; lastKnownFileType = sourcecode.swift; path = SettingsController.swift; sourceTree = "<group>"; };
		907FF2252412D1B800D943B4 /* ExercisesController.swift */ = {isa = PBXFileReference; lastKnownFileType = sourcecode.swift; path = ExercisesController.swift; sourceTree = "<group>"; };
		908169AA241FBD7D00FF81CE /* ExercisesTableCell.swift */ = {isa = PBXFileReference; lastKnownFileType = sourcecode.swift; path = ExercisesTableCell.swift; sourceTree = "<group>"; };
		908169AB241FBD7D00FF81CE /* ExercisesTableCell.xib */ = {isa = PBXFileReference; lastKnownFileType = file.xib; path = ExercisesTableCell.xib; sourceTree = "<group>"; };
		908169AE241FD40000FF81CE /* RoutinesTableCell.swift */ = {isa = PBXFileReference; lastKnownFileType = sourcecode.swift; path = RoutinesTableCell.swift; sourceTree = "<group>"; };
		908169AF241FD40000FF81CE /* RoutinesTableCell.xib */ = {isa = PBXFileReference; lastKnownFileType = file.xib; path = RoutinesTableCell.xib; sourceTree = "<group>"; };
		908169B2241FD82D00FF81CE /* Routines.storyboard */ = {isa = PBXFileReference; lastKnownFileType = file.storyboard; path = Routines.storyboard; sourceTree = "<group>"; };
		908169B6241FD9DB00FF81CE /* RoutinesController.swift */ = {isa = PBXFileReference; lastKnownFileType = sourcecode.swift; path = RoutinesController.swift; sourceTree = "<group>"; };
		908169B8241FDC2500FF81CE /* AddRoutineController.swift */ = {isa = PBXFileReference; lastKnownFileType = sourcecode.swift; path = AddRoutineController.swift; sourceTree = "<group>"; };
		90E1D208240D3B0300F229F1 /* gym-app.app */ = {isa = PBXFileReference; explicitFileType = wrapper.application; includeInIndex = 0; path = "gym-app.app"; sourceTree = BUILT_PRODUCTS_DIR; };
		90E1D20B240D3B0300F229F1 /* AppDelegate.swift */ = {isa = PBXFileReference; lastKnownFileType = sourcecode.swift; path = AppDelegate.swift; sourceTree = "<group>"; };
		90E1D20D240D3B0300F229F1 /* SceneDelegate.swift */ = {isa = PBXFileReference; lastKnownFileType = sourcecode.swift; path = SceneDelegate.swift; sourceTree = "<group>"; };
		90E1D20F240D3B0300F229F1 /* ViewController.swift */ = {isa = PBXFileReference; lastKnownFileType = sourcecode.swift; path = ViewController.swift; sourceTree = "<group>"; };
		90E1D212240D3B0300F229F1 /* Base */ = {isa = PBXFileReference; lastKnownFileType = file.storyboard; name = Base; path = Base.lproj/Main.storyboard; sourceTree = "<group>"; };
		90E1D215240D3B0300F229F1 /* gym_app.xcdatamodel */ = {isa = PBXFileReference; lastKnownFileType = wrapper.xcdatamodel; path = gym_app.xcdatamodel; sourceTree = "<group>"; };
		90E1D217240D3B0400F229F1 /* Assets.xcassets */ = {isa = PBXFileReference; lastKnownFileType = folder.assetcatalog; path = Assets.xcassets; sourceTree = "<group>"; };
		90E1D21A240D3B0400F229F1 /* Base */ = {isa = PBXFileReference; lastKnownFileType = file.storyboard; name = Base; path = Base.lproj/LaunchScreen.storyboard; sourceTree = "<group>"; };
		90E1D21C240D3B0400F229F1 /* Info.plist */ = {isa = PBXFileReference; lastKnownFileType = text.plist.xml; path = Info.plist; sourceTree = "<group>"; };
		D7EE9581F61E6BCA8631D3A3 /* Pods-gym-app.debug.xcconfig */ = {isa = PBXFileReference; includeInIndex = 1; lastKnownFileType = text.xcconfig; name = "Pods-gym-app.debug.xcconfig"; path = "Target Support Files/Pods-gym-app/Pods-gym-app.debug.xcconfig"; sourceTree = "<group>"; };
		DF00BF6B3221EA5BCF233A5F /* Pods_gym_app.framework */ = {isa = PBXFileReference; explicitFileType = wrapper.framework; includeInIndex = 0; path = Pods_gym_app.framework; sourceTree = BUILT_PRODUCTS_DIR; };
/* End PBXFileReference section */

/* Begin PBXFrameworksBuildPhase section */
		90E1D205240D3B0300F229F1 /* Frameworks */ = {
			isa = PBXFrameworksBuildPhase;
			buildActionMask = 2147483647;
			files = (
				636614689020312480C3E841 /* Pods_gym_app.framework in Frameworks */,
			);
			runOnlyForDeploymentPostprocessing = 0;
		};
/* End PBXFrameworksBuildPhase section */

/* Begin PBXGroup section */
		1F072775243B667F001607D3 /* TableCell */ = {
			isa = PBXGroup;
			children = (
				1F072776243B66CD001607D3 /* HomeTableViewCell.swift */,
				1F072777243B66CD001607D3 /* HomeTableViewCell.xib */,
			);
			path = TableCell;
			sourceTree = "<group>";
		};
		1F45638B2426B7D60097D296 /* TableInfoCells */ = {
			isa = PBXGroup;
			children = (
				9068C9C1242285C40070346D /* AddExInfoTableCell.swift */,
				9068C9C2242285C40070346D /* AddExInfoTableCell.xib */,
			);
			path = TableInfoCells;
			sourceTree = "<group>";
		};
		1FAB97642434E3D0000F6399 /* TableHeaderCell */ = {
			isa = PBXGroup;
			children = (
				1FAB97662434E43F000F6399 /* WorkoutTableHeaderCell.swift */,
				1FAB97672434E43F000F6399 /* WorkoutTableHeaderCell.xib */,
			);
			path = TableHeaderCell;
			sourceTree = "<group>";
		};
		1FAB97652434E3EA000F6399 /* TableInfoCells */ = {
			isa = PBXGroup;
			children = (
				1FAB976A2434E45C000F6399 /* WorkoutTableInfoCell.swift */,
				1FAB976B2434E45C000F6399 /* WorkoutTableInfoCell.xib */,
			);
			path = TableInfoCells;
			sourceTree = "<group>";
		};
		1FB864802426B19900E6DD60 /* TableHeaderCell */ = {
			isa = PBXGroup;
			children = (
				1F10FEA324267C9E0089F5C3 /* ExerciseHeaderCell.swift */,
				1F10FEA424267C9E0089F5C3 /* ExerciseHeaderCell.xib */,
			);
			path = TableHeaderCell;
			sourceTree = "<group>";
		};
		1FB864812426B1C900E6DD60 /* TableFirstCell */ = {
			isa = PBXGroup;
			children = (
				1FB8647C2426A93500E6DD60 /* BelowExerciseHeaderCell.swift */,
				1FB8647D2426A93500E6DD60 /* BelowExerciseHeaderCell.xib */,
			);
			path = TableFirstCell;
			sourceTree = "<group>";
		};
		1FB864822426B23A00E6DD60 /* ExercisesTableCell */ = {
			isa = PBXGroup;
			children = (
				908169AA241FBD7D00FF81CE /* ExercisesTableCell.swift */,
				908169AB241FBD7D00FF81CE /* ExercisesTableCell.xib */,
			);
			path = ExercisesTableCell;
			sourceTree = "<group>";
		};
		1FB864832426B2D700E6DD60 /* RoutinesTableCell */ = {
			isa = PBXGroup;
			children = (
				908169AE241FD40000FF81CE /* RoutinesTableCell.swift */,
				908169AF241FD40000FF81CE /* RoutinesTableCell.xib */,
			);
			path = RoutinesTableCell;
			sourceTree = "<group>";
		};
		9039C78A2411735000A739F8 /* View */ = {
			isa = PBXGroup;
			children = (
				90E1D211240D3B0300F229F1 /* Main.storyboard */,
				9039C78B241173BB00A739F8 /* Home.storyboard */,
				9039C78D241173CB00A739F8 /* Workouts.storyboard */,
				908169B2241FD82D00FF81CE /* Routines.storyboard */,
				9039C78F241173DA00A739F8 /* Progress.storyboard */,
				1F4B386E2447E67A00621503 /* NotesPopover.storyboard */,
				1F4B38702447F5C700621503 /* EditWeight.storyboard */,
				9039C791241173E500A739F8 /* Community.storyboard */,
				907F92BC24196C20001D5C48 /* Settings.storyboard */,
			);
			path = View;
			sourceTree = "<group>";
		};
		90620C2F241186D800A98138 /* Controllers */ = {
			isa = PBXGroup;
			children = (
				908169BA241FDC6900FF81CE /* Home */,
				908169BB241FDC8900FF81CE /* Workout */,
				908169BD241FDCF500FF81CE /* Progress */,
				908169BE241FDD2100FF81CE /* Community */,
				907F92BE24196C4A001D5C48 /* SettingsController.swift */,
			);
			path = Controllers;
			sourceTree = "<group>";
		};
		908169BA241FDC6900FF81CE /* Home */ = {
			isa = PBXGroup;
			children = (
				90E1D20F240D3B0300F229F1 /* ViewController.swift */,
				90620C302411871100A98138 /* HomeController.swift */,
				1F072775243B667F001607D3 /* TableCell */,
			);
			path = Home;
			sourceTree = "<group>";
		};
		908169BB241FDC8900FF81CE /* Workout */ = {
			isa = PBXGroup;
			children = (
				90620C322411880100A98138 /* WorkoutController.swift */,
				1F0727732437E2AE001607D3 /* CalendarController.swift */,
				1FAB97642434E3D0000F6399 /* TableHeaderCell */,
				1FAB97652434E3EA000F6399 /* TableInfoCells */,
				908169C0241FDD8000FF81CE /* AddWorkout */,
				908169BF241FDD4B00FF81CE /* Exercises */,
				908169BC241FDCD900FF81CE /* Routines */,
			);
			path = Workout;
			sourceTree = "<group>";
		};
		908169BC241FDCD900FF81CE /* Routines */ = {
			isa = PBXGroup;
			children = (
				908169B6241FD9DB00FF81CE /* RoutinesController.swift */,
				908169B8241FDC2500FF81CE /* AddRoutineController.swift */,
			);
			path = Routines;
			sourceTree = "<group>";
		};
		908169BD241FDCF500FF81CE /* Progress */ = {
			isa = PBXGroup;
			children = (
				90620C342411885F00A98138 /* ProgressController.swift */,
				9020E58C241A6EBF00503674 /* AddGoalController.swift */,
				1F02C12D2447E18D00E4DC14 /* NotesViewController.swift */,
				1F4B38722447F5E800621503 /* EditWeightViewController.swift */,
			);
			path = Progress;
			sourceTree = "<group>";
		};
		908169BE241FDD2100FF81CE /* Community */ = {
			isa = PBXGroup;
			children = (
				90620C36241188AF00A98138 /* CommunityController.swift */,
			);
			path = Community;
			sourceTree = "<group>";
		};
		908169BF241FDD4B00FF81CE /* Exercises */ = {
			isa = PBXGroup;
			children = (
				907FF2252412D1B800D943B4 /* ExercisesController.swift */,
				1FB864822426B23A00E6DD60 /* ExercisesTableCell */,
				1FB864832426B2D700E6DD60 /* RoutinesTableCell */,
			);
			path = Exercises;
			sourceTree = "<group>";
		};
		908169C0241FDD8000FF81CE /* AddWorkout */ = {
			isa = PBXGroup;
			children = (
				90620C38241189B900A98138 /* AddWorkoutController.swift */,
				1FB864802426B19900E6DD60 /* TableHeaderCell */,
				1FB864812426B1C900E6DD60 /* TableFirstCell */,
				1F45638B2426B7D60097D296 /* TableInfoCells */,
			);
			path = AddWorkout;
			sourceTree = "<group>";
		};
		90E1D1FF240D3B0300F229F1 = {
			isa = PBXGroup;
			children = (
				90E1D20A240D3B0300F229F1 /* gym-app */,
				90E1D209240D3B0300F229F1 /* Products */,
				9E4EBDEBFC27D0F348E851C4 /* Pods */,
				E02C90C74DB813B899AD0997 /* Frameworks */,
			);
			sourceTree = "<group>";
		};
		90E1D209240D3B0300F229F1 /* Products */ = {
			isa = PBXGroup;
			children = (
				90E1D208240D3B0300F229F1 /* gym-app.app */,
			);
			name = Products;
			sourceTree = "<group>";
		};
		90E1D20A240D3B0300F229F1 /* gym-app */ = {
			isa = PBXGroup;
			children = (
				1FA9B5D62423B2D500182CBE /* testJSON.json */,
				90620C2F241186D800A98138 /* Controllers */,
				9039C78A2411735000A739F8 /* View */,
				90E1D217240D3B0400F229F1 /* Assets.xcassets */,
				90E1D21C240D3B0400F229F1 /* Info.plist */,
				1F02C12B2443953800E4DC14 /* gymAppLogo.png */,
				90E1D219240D3B0400F229F1 /* LaunchScreen.storyboard */,
				90E1D214240D3B0300F229F1 /* gym_app.xcdatamodeld */,
				90E1D20B240D3B0300F229F1 /* AppDelegate.swift */,
				90E1D20D240D3B0300F229F1 /* SceneDelegate.swift */,
				1F07277C243CA9BA001607D3 /* GoalProgressModel.swift */,
				1F0727712436C10B001607D3 /* WorkoutSessionModel.swift */,
				1F07277A243BAA5D001607D3 /* HelperFunctions.swift */,
			);
			path = "gym-app";
			sourceTree = "<group>";
		};
		9E4EBDEBFC27D0F348E851C4 /* Pods */ = {
			isa = PBXGroup;
			children = (
				D7EE9581F61E6BCA8631D3A3 /* Pods-gym-app.debug.xcconfig */,
				14C67B0FCB032E7283653924 /* Pods-gym-app.release.xcconfig */,
			);
			path = Pods;
			sourceTree = "<group>";
		};
		E02C90C74DB813B899AD0997 /* Frameworks */ = {
			isa = PBXGroup;
			children = (
				DF00BF6B3221EA5BCF233A5F /* Pods_gym_app.framework */,
			);
			name = Frameworks;
			sourceTree = "<group>";
		};
/* End PBXGroup section */

/* Begin PBXNativeTarget section */
		90E1D207240D3B0300F229F1 /* gym-app */ = {
			isa = PBXNativeTarget;
			buildConfigurationList = 90E1D21F240D3B0400F229F1 /* Build configuration list for PBXNativeTarget "gym-app" */;
			buildPhases = (
				6751A1BBB9905F0BEB48FF21 /* [CP] Check Pods Manifest.lock */,
				90E1D204240D3B0300F229F1 /* Sources */,
				90E1D205240D3B0300F229F1 /* Frameworks */,
				90E1D206240D3B0300F229F1 /* Resources */,
				2509B96AE5DE734E4AEA8352 /* [CP] Embed Pods Frameworks */,
			);
			buildRules = (
			);
			dependencies = (
			);
			name = "gym-app";
			productName = "gym-app";
			productReference = 90E1D208240D3B0300F229F1 /* gym-app.app */;
			productType = "com.apple.product-type.application";
		};
/* End PBXNativeTarget section */

/* Begin PBXProject section */
		90E1D200240D3B0300F229F1 /* Project object */ = {
			isa = PBXProject;
			attributes = {
				LastSwiftUpdateCheck = 1110;
				LastUpgradeCheck = 1110;
				ORGANIZATIONNAME = "Jordan, Jeffrey";
				TargetAttributes = {
					90E1D207240D3B0300F229F1 = {
						CreatedOnToolsVersion = 11.1;
					};
				};
			};
			buildConfigurationList = 90E1D203240D3B0300F229F1 /* Build configuration list for PBXProject "gym-app" */;
			compatibilityVersion = "Xcode 9.3";
			developmentRegion = en;
			hasScannedForEncodings = 0;
			knownRegions = (
				en,
				Base,
			);
			mainGroup = 90E1D1FF240D3B0300F229F1;
			productRefGroup = 90E1D209240D3B0300F229F1 /* Products */;
			projectDirPath = "";
			projectRoot = "";
			targets = (
				90E1D207240D3B0300F229F1 /* gym-app */,
			);
		};
/* End PBXProject section */

/* Begin PBXResourcesBuildPhase section */
		90E1D206240D3B0300F229F1 /* Resources */ = {
			isa = PBXResourcesBuildPhase;
			buildActionMask = 2147483647;
			files = (
				9039C792241173E500A739F8 /* Community.storyboard in Resources */,
				90E1D21B240D3B0400F229F1 /* LaunchScreen.storyboard in Resources */,
				1F4B386F2447E67A00621503 /* NotesPopover.storyboard in Resources */,
				9039C78C241173BB00A739F8 /* Home.storyboard in Resources */,
				1F4B38712447F5C700621503 /* EditWeight.storyboard in Resources */,
				908169B1241FD40000FF81CE /* RoutinesTableCell.xib in Resources */,
				1F072779243B66CD001607D3 /* HomeTableViewCell.xib in Resources */,
				1FAB976D2434E45C000F6399 /* WorkoutTableInfoCell.xib in Resources */,
				9039C78E241173CB00A739F8 /* Workouts.storyboard in Resources */,
				9068C9C4242285C40070346D /* AddExInfoTableCell.xib in Resources */,
				908169B3241FD82D00FF81CE /* Routines.storyboard in Resources */,
				1FAB97692434E43F000F6399 /* WorkoutTableHeaderCell.xib in Resources */,
				90E1D218240D3B0400F229F1 /* Assets.xcassets in Resources */,
				1F10FEA624267C9E0089F5C3 /* ExerciseHeaderCell.xib in Resources */,
				1F02C12C2443953800E4DC14 /* gymAppLogo.png in Resources */,
				1FB8647F2426A93500E6DD60 /* BelowExerciseHeaderCell.xib in Resources */,
				9039C790241173DA00A739F8 /* Progress.storyboard in Resources */,
				907F92BD24196C20001D5C48 /* Settings.storyboard in Resources */,
				90E1D213240D3B0300F229F1 /* Main.storyboard in Resources */,
				908169AD241FBD7D00FF81CE /* ExercisesTableCell.xib in Resources */,
				1FA9B5D72423B2D500182CBE /* testJSON.json in Resources */,
			);
			runOnlyForDeploymentPostprocessing = 0;
		};
/* End PBXResourcesBuildPhase section */

/* Begin PBXShellScriptBuildPhase section */
		2509B96AE5DE734E4AEA8352 /* [CP] Embed Pods Frameworks */ = {
			isa = PBXShellScriptBuildPhase;
			buildActionMask = 2147483647;
			files = (
			);
			inputFileListPaths = (
				"${PODS_ROOT}/Target Support Files/Pods-gym-app/Pods-gym-app-frameworks-${CONFIGURATION}-input-files.xcfilelist",
			);
			name = "[CP] Embed Pods Frameworks";
			outputFileListPaths = (
				"${PODS_ROOT}/Target Support Files/Pods-gym-app/Pods-gym-app-frameworks-${CONFIGURATION}-output-files.xcfilelist",
			);
			runOnlyForDeploymentPostprocessing = 0;
			shellPath = /bin/sh;
			shellScript = "\"${PODS_ROOT}/Target Support Files/Pods-gym-app/Pods-gym-app-frameworks.sh\"\n";
			showEnvVarsInLog = 0;
		};
		6751A1BBB9905F0BEB48FF21 /* [CP] Check Pods Manifest.lock */ = {
			isa = PBXShellScriptBuildPhase;
			buildActionMask = 2147483647;
			files = (
			);
			inputFileListPaths = (
			);
			inputPaths = (
				"${PODS_PODFILE_DIR_PATH}/Podfile.lock",
				"${PODS_ROOT}/Manifest.lock",
			);
			name = "[CP] Check Pods Manifest.lock";
			outputFileListPaths = (
			);
			outputPaths = (
				"$(DERIVED_FILE_DIR)/Pods-gym-app-checkManifestLockResult.txt",
			);
			runOnlyForDeploymentPostprocessing = 0;
			shellPath = /bin/sh;
			shellScript = "diff \"${PODS_PODFILE_DIR_PATH}/Podfile.lock\" \"${PODS_ROOT}/Manifest.lock\" > /dev/null\nif [ $? != 0 ] ; then\n    # print error to STDERR\n    echo \"error: The sandbox is not in sync with the Podfile.lock. Run 'pod install' or update your CocoaPods installation.\" >&2\n    exit 1\nfi\n# This output is used by Xcode 'outputs' to avoid re-running this script phase.\necho \"SUCCESS\" > \"${SCRIPT_OUTPUT_FILE_0}\"\n";
			showEnvVarsInLog = 0;
		};
/* End PBXShellScriptBuildPhase section */

/* Begin PBXSourcesBuildPhase section */
		90E1D204240D3B0300F229F1 /* Sources */ = {
			isa = PBXSourcesBuildPhase;
			buildActionMask = 2147483647;
			files = (
				1F0727722436C10B001607D3 /* WorkoutSessionModel.swift in Sources */,
				90E1D210240D3B0300F229F1 /* ViewController.swift in Sources */,
				90620C39241189B900A98138 /* AddWorkoutController.swift in Sources */,
				1F10FEA524267C9E0089F5C3 /* ExerciseHeaderCell.swift in Sources */,
				1FAB97682434E43F000F6399 /* WorkoutTableHeaderCell.swift in Sources */,
				1F07277D243CA9BA001607D3 /* GoalProgressModel.swift in Sources */,
				1F4B38732447F5E800621503 /* EditWeightViewController.swift in Sources */,
				1F0727742437E2AE001607D3 /* CalendarController.swift in Sources */,
				1F072778243B66CD001607D3 /* HomeTableViewCell.swift in Sources */,
				9020E58D241A6EBF00503674 /* AddGoalController.swift in Sources */,
				90E1D216240D3B0300F229F1 /* gym_app.xcdatamodeld in Sources */,
				907FF2262412D1B800D943B4 /* ExercisesController.swift in Sources */,
				90620C312411871100A98138 /* HomeController.swift in Sources */,
				907F92BF24196C4A001D5C48 /* SettingsController.swift in Sources */,
				1F07277B243BAA5D001607D3 /* HelperFunctions.swift in Sources */,
				1F02C12E2447E18D00E4DC14 /* NotesViewController.swift in Sources */,
				90620C37241188AF00A98138 /* CommunityController.swift in Sources */,
				908169B9241FDC2500FF81CE /* AddRoutineController.swift in Sources */,
				90620C352411885F00A98138 /* ProgressController.swift in Sources */,
				908169AC241FBD7D00FF81CE /* ExercisesTableCell.swift in Sources */,
				9068C9C3242285C40070346D /* AddExInfoTableCell.swift in Sources */,
				90620C332411880100A98138 /* WorkoutController.swift in Sources */,
				90E1D20C240D3B0300F229F1 /* AppDelegate.swift in Sources */,
				1FAB976C2434E45C000F6399 /* WorkoutTableInfoCell.swift in Sources */,
				90E1D20E240D3B0300F229F1 /* SceneDelegate.swift in Sources */,
				1FB8647E2426A93500E6DD60 /* BelowExerciseHeaderCell.swift in Sources */,
				908169B0241FD40000FF81CE /* RoutinesTableCell.swift in Sources */,
				908169B7241FD9DB00FF81CE /* RoutinesController.swift in Sources */,
			);
			runOnlyForDeploymentPostprocessing = 0;
		};
/* End PBXSourcesBuildPhase section */

/* Begin PBXVariantGroup section */
		90E1D211240D3B0300F229F1 /* Main.storyboard */ = {
			isa = PBXVariantGroup;
			children = (
				90E1D212240D3B0300F229F1 /* Base */,
			);
			name = Main.storyboard;
			sourceTree = "<group>";
		};
		90E1D219240D3B0400F229F1 /* LaunchScreen.storyboard */ = {
			isa = PBXVariantGroup;
			children = (
				90E1D21A240D3B0400F229F1 /* Base */,
			);
			name = LaunchScreen.storyboard;
			sourceTree = "<group>";
		};
/* End PBXVariantGroup section */

/* Begin XCBuildConfiguration section */
		90E1D21D240D3B0400F229F1 /* Debug */ = {
			isa = XCBuildConfiguration;
			buildSettings = {
				ALWAYS_SEARCH_USER_PATHS = NO;
				CLANG_ANALYZER_NONNULL = YES;
				CLANG_ANALYZER_NUMBER_OBJECT_CONVERSION = YES_AGGRESSIVE;
				CLANG_CXX_LANGUAGE_STANDARD = "gnu++14";
				CLANG_CXX_LIBRARY = "libc++";
				CLANG_ENABLE_MODULES = YES;
				CLANG_ENABLE_OBJC_ARC = YES;
				CLANG_ENABLE_OBJC_WEAK = YES;
				CLANG_WARN_BLOCK_CAPTURE_AUTORELEASING = YES;
				CLANG_WARN_BOOL_CONVERSION = YES;
				CLANG_WARN_COMMA = YES;
				CLANG_WARN_CONSTANT_CONVERSION = YES;
				CLANG_WARN_DEPRECATED_OBJC_IMPLEMENTATIONS = YES;
				CLANG_WARN_DIRECT_OBJC_ISA_USAGE = YES_ERROR;
				CLANG_WARN_DOCUMENTATION_COMMENTS = YES;
				CLANG_WARN_EMPTY_BODY = YES;
				CLANG_WARN_ENUM_CONVERSION = YES;
				CLANG_WARN_INFINITE_RECURSION = YES;
				CLANG_WARN_INT_CONVERSION = YES;
				CLANG_WARN_NON_LITERAL_NULL_CONVERSION = YES;
				CLANG_WARN_OBJC_IMPLICIT_RETAIN_SELF = YES;
				CLANG_WARN_OBJC_LITERAL_CONVERSION = YES;
				CLANG_WARN_OBJC_ROOT_CLASS = YES_ERROR;
				CLANG_WARN_RANGE_LOOP_ANALYSIS = YES;
				CLANG_WARN_STRICT_PROTOTYPES = YES;
				CLANG_WARN_SUSPICIOUS_MOVE = YES;
				CLANG_WARN_UNGUARDED_AVAILABILITY = YES_AGGRESSIVE;
				CLANG_WARN_UNREACHABLE_CODE = YES;
				CLANG_WARN__DUPLICATE_METHOD_MATCH = YES;
				COPY_PHASE_STRIP = NO;
				DEBUG_INFORMATION_FORMAT = dwarf;
				ENABLE_STRICT_OBJC_MSGSEND = YES;
				ENABLE_TESTABILITY = YES;
				GCC_C_LANGUAGE_STANDARD = gnu11;
				GCC_DYNAMIC_NO_PIC = NO;
				GCC_NO_COMMON_BLOCKS = YES;
				GCC_OPTIMIZATION_LEVEL = 0;
				GCC_PREPROCESSOR_DEFINITIONS = (
					"DEBUG=1",
					"$(inherited)",
				);
				GCC_WARN_64_TO_32_BIT_CONVERSION = YES;
				GCC_WARN_ABOUT_RETURN_TYPE = YES_ERROR;
				GCC_WARN_UNDECLARED_SELECTOR = YES;
				GCC_WARN_UNINITIALIZED_AUTOS = YES_AGGRESSIVE;
				GCC_WARN_UNUSED_FUNCTION = YES;
				GCC_WARN_UNUSED_VARIABLE = YES;
				IPHONEOS_DEPLOYMENT_TARGET = 13.1;
				MTL_ENABLE_DEBUG_INFO = INCLUDE_SOURCE;
				MTL_FAST_MATH = YES;
				ONLY_ACTIVE_ARCH = YES;
				SDKROOT = iphoneos;
				SWIFT_ACTIVE_COMPILATION_CONDITIONS = DEBUG;
				SWIFT_OPTIMIZATION_LEVEL = "-Onone";
			};
			name = Debug;
		};
		90E1D21E240D3B0400F229F1 /* Release */ = {
			isa = XCBuildConfiguration;
			buildSettings = {
				ALWAYS_SEARCH_USER_PATHS = NO;
				CLANG_ANALYZER_NONNULL = YES;
				CLANG_ANALYZER_NUMBER_OBJECT_CONVERSION = YES_AGGRESSIVE;
				CLANG_CXX_LANGUAGE_STANDARD = "gnu++14";
				CLANG_CXX_LIBRARY = "libc++";
				CLANG_ENABLE_MODULES = YES;
				CLANG_ENABLE_OBJC_ARC = YES;
				CLANG_ENABLE_OBJC_WEAK = YES;
				CLANG_WARN_BLOCK_CAPTURE_AUTORELEASING = YES;
				CLANG_WARN_BOOL_CONVERSION = YES;
				CLANG_WARN_COMMA = YES;
				CLANG_WARN_CONSTANT_CONVERSION = YES;
				CLANG_WARN_DEPRECATED_OBJC_IMPLEMENTATIONS = YES;
				CLANG_WARN_DIRECT_OBJC_ISA_USAGE = YES_ERROR;
				CLANG_WARN_DOCUMENTATION_COMMENTS = YES;
				CLANG_WARN_EMPTY_BODY = YES;
				CLANG_WARN_ENUM_CONVERSION = YES;
				CLANG_WARN_INFINITE_RECURSION = YES;
				CLANG_WARN_INT_CONVERSION = YES;
				CLANG_WARN_NON_LITERAL_NULL_CONVERSION = YES;
				CLANG_WARN_OBJC_IMPLICIT_RETAIN_SELF = YES;
				CLANG_WARN_OBJC_LITERAL_CONVERSION = YES;
				CLANG_WARN_OBJC_ROOT_CLASS = YES_ERROR;
				CLANG_WARN_RANGE_LOOP_ANALYSIS = YES;
				CLANG_WARN_STRICT_PROTOTYPES = YES;
				CLANG_WARN_SUSPICIOUS_MOVE = YES;
				CLANG_WARN_UNGUARDED_AVAILABILITY = YES_AGGRESSIVE;
				CLANG_WARN_UNREACHABLE_CODE = YES;
				CLANG_WARN__DUPLICATE_METHOD_MATCH = YES;
				COPY_PHASE_STRIP = NO;
				DEBUG_INFORMATION_FORMAT = "dwarf-with-dsym";
				ENABLE_NS_ASSERTIONS = NO;
				ENABLE_STRICT_OBJC_MSGSEND = YES;
				GCC_C_LANGUAGE_STANDARD = gnu11;
				GCC_NO_COMMON_BLOCKS = YES;
				GCC_WARN_64_TO_32_BIT_CONVERSION = YES;
				GCC_WARN_ABOUT_RETURN_TYPE = YES_ERROR;
				GCC_WARN_UNDECLARED_SELECTOR = YES;
				GCC_WARN_UNINITIALIZED_AUTOS = YES_AGGRESSIVE;
				GCC_WARN_UNUSED_FUNCTION = YES;
				GCC_WARN_UNUSED_VARIABLE = YES;
				IPHONEOS_DEPLOYMENT_TARGET = 13.1;
				MTL_ENABLE_DEBUG_INFO = NO;
				MTL_FAST_MATH = YES;
				SDKROOT = iphoneos;
				SWIFT_COMPILATION_MODE = wholemodule;
				SWIFT_OPTIMIZATION_LEVEL = "-O";
				VALIDATE_PRODUCT = YES;
			};
			name = Release;
		};
		90E1D220240D3B0400F229F1 /* Debug */ = {
			isa = XCBuildConfiguration;
			baseConfigurationReference = D7EE9581F61E6BCA8631D3A3 /* Pods-gym-app.debug.xcconfig */;
			buildSettings = {
				ASSETCATALOG_COMPILER_APPICON_NAME = AppIcon;
				CODE_SIGN_STYLE = Automatic;
				INFOPLIST_FILE = "gym-app/Info.plist";
				LD_RUNPATH_SEARCH_PATHS = (
					"$(inherited)",
					"@executable_path/Frameworks",
				);
				PRODUCT_BUNDLE_IDENTIFIER = "computer-science.gym-app";
				PRODUCT_NAME = "$(TARGET_NAME)";
				SWIFT_VERSION = 5.0;
				TARGETED_DEVICE_FAMILY = "1,2";
			};
			name = Debug;
		};
		90E1D221240D3B0400F229F1 /* Release */ = {
			isa = XCBuildConfiguration;
			baseConfigurationReference = 14C67B0FCB032E7283653924 /* Pods-gym-app.release.xcconfig */;
			buildSettings = {
				ASSETCATALOG_COMPILER_APPICON_NAME = AppIcon;
				CODE_SIGN_STYLE = Automatic;
				INFOPLIST_FILE = "gym-app/Info.plist";
				LD_RUNPATH_SEARCH_PATHS = (
					"$(inherited)",
					"@executable_path/Frameworks",
				);
				PRODUCT_BUNDLE_IDENTIFIER = "computer-science.gym-app";
				PRODUCT_NAME = "$(TARGET_NAME)";
				SWIFT_VERSION = 5.0;
				TARGETED_DEVICE_FAMILY = "1,2";
			};
			name = Release;
		};
/* End XCBuildConfiguration section */

/* Begin XCConfigurationList section */
		90E1D203240D3B0300F229F1 /* Build configuration list for PBXProject "gym-app" */ = {
			isa = XCConfigurationList;
			buildConfigurations = (
				90E1D21D240D3B0400F229F1 /* Debug */,
				90E1D21E240D3B0400F229F1 /* Release */,
			);
			defaultConfigurationIsVisible = 0;
			defaultConfigurationName = Release;
		};
		90E1D21F240D3B0400F229F1 /* Build configuration list for PBXNativeTarget "gym-app" */ = {
			isa = XCConfigurationList;
			buildConfigurations = (
				90E1D220240D3B0400F229F1 /* Debug */,
				90E1D221240D3B0400F229F1 /* Release */,
			);
			defaultConfigurationIsVisible = 0;
			defaultConfigurationName = Release;
		};
/* End XCConfigurationList section */

/* Begin XCVersionGroup section */
		90E1D214240D3B0300F229F1 /* gym_app.xcdatamodeld */ = {
			isa = XCVersionGroup;
			children = (
				90E1D215240D3B0300F229F1 /* gym_app.xcdatamodel */,
			);
			currentVersion = 90E1D215240D3B0300F229F1 /* gym_app.xcdatamodel */;
			path = gym_app.xcdatamodeld;
			sourceTree = "<group>";
			versionGroupType = wrapper.xcdatamodel;
		};
/* End XCVersionGroup section */
	};
	rootObject = 90E1D200240D3B0300F229F1 /* Project object */;
}
